
Microsoft Visual Studio Solution File, Format Version 12.00
# Visual Studio Version 16
VisualStudioVersion = 16.0.30717.126
MinimumVisualStudioVersion = 10.0.40219.1
Project("{FAE04EC0-301F-11D3-BF4B-00C04F79EFBC}") = "basketballscore", "basketballscore\basketballscore.csproj", "{098207C4-EA90-4D88-8E9E-B77B0D9892F0}"
EndProject
Global
	GlobalSection(SolutionConfigurationPlatforms) = preSolution
		Debug|Any CPU = Debug|Any CPU
		Release|Any CPU = Release|Any CPU
	EndGlobalSection
	GlobalSection(ProjectConfigurationPlatforms) = postSolution
		{098207C4-EA90-4D88-8E9E-B77B0D9892F0}.Debug|Any CPU.ActiveCfg = Debug|Any CPU
		{098207C4-EA90-4D88-8E9E-B77B0D9892F0}.Debug|Any CPU.Build.0 = Debug|Any CPU
		{098207C4-EA90-4D88-8E9E-B77B0D9892F0}.Release|Any CPU.ActiveCfg = Release|Any CPU
		{098207C4-EA90-4D88-8E9E-B77B0D9892F0}.Release|Any CPU.Build.0 = Release|Any CPU
	EndGlobalSection
	GlobalSection(SolutionProperties) = preSolution
		HideSolutionNode = FALSE
	EndGlobalSection
	GlobalSection(ExtensibilityGlobals) = postSolution
		SolutionGuid = {A2A968F9-AC12-4918-A01B-F4A364E3E2D3}
	EndGlobalSection
EndGlobal
